
Microsoft Visual Studio Solution File, Format Version 12.00
# Visual Studio Version 17
VisualStudioVersion = 17.14.36212.18
MinimumVisualStudioVersion = 10.0.40219.1
Project("{FAE04EC0-301F-11D3-BF4B-00C04F79EFBC}") = "DelicesDuJour_ApiRest", "DelicesDuJour_ApiRest\DelicesDuJour_ApiRest.csproj", "{58B9D395-1BA1-42DD-9569-20DAF101807B}"
EndProject
Project("{FAE04EC0-301F-11D3-BF4B-00C04F79EFBC}") = "TestsUnitaires", "TestsUnitaires\TestsUnitaires.csproj", "{661F2369-BCF8-4CE4-9E0A-3F87D652DB5C}"
EndProject
Project("{FAE04EC0-301F-11D3-BF4B-00C04F79EFBC}") = "TestDIntegration", "TestDIntegration\TestDIntegration.csproj", "{B7065EF8-7D2B-477B-985B-632CC17148F2}"
EndProject
Global
	GlobalSection(SolutionConfigurationPlatforms) = preSolution
		Debug|Any CPU = Debug|Any CPU
		Release|Any CPU = Release|Any CPU
	EndGlobalSection
	GlobalSection(ProjectConfigurationPlatforms) = postSolution
		{58B9D395-1BA1-42DD-9569-20DAF101807B}.Debug|Any CPU.ActiveCfg = Debug|Any CPU
		{58B9D395-1BA1-42DD-9569-20DAF101807B}.Debug|Any CPU.Build.0 = Debug|Any CPU
		{58B9D395-1BA1-42DD-9569-20DAF101807B}.Release|Any CPU.ActiveCfg = Release|Any CPU
		{58B9D395-1BA1-42DD-9569-20DAF101807B}.Release|Any CPU.Build.0 = Release|Any CPU
		{661F2369-BCF8-4CE4-9E0A-3F87D652DB5C}.Debug|Any CPU.ActiveCfg = Debug|Any CPU
		{661F2369-BCF8-4CE4-9E0A-3F87D652DB5C}.Debug|Any CPU.Build.0 = Debug|Any CPU
		{661F2369-BCF8-4CE4-9E0A-3F87D652DB5C}.Release|Any CPU.ActiveCfg = Release|Any CPU
		{661F2369-BCF8-4CE4-9E0A-3F87D652DB5C}.Release|Any CPU.Build.0 = Release|Any CPU
		{B7065EF8-7D2B-477B-985B-632CC17148F2}.Debug|Any CPU.ActiveCfg = Debug|Any CPU
		{B7065EF8-7D2B-477B-985B-632CC17148F2}.Debug|Any CPU.Build.0 = Debug|Any CPU
		{B7065EF8-7D2B-477B-985B-632CC17148F2}.Release|Any CPU.ActiveCfg = Release|Any CPU
		{B7065EF8-7D2B-477B-985B-632CC17148F2}.Release|Any CPU.Build.0 = Release|Any CPU
	EndGlobalSection
	GlobalSection(SolutionProperties) = preSolution
		HideSolutionNode = FALSE
	EndGlobalSection
	GlobalSection(ExtensibilityGlobals) = postSolution
		SolutionGuid = {A24CC7C6-A4E8-4BB2-908C-24A08445B14B}
	EndGlobalSection
EndGlobal
